
Microsoft Visual Studio Solution File, Format Version 12.00
# Visual Studio Version 16
VisualStudioVersion = 16.0.31321.278
MinimumVisualStudioVersion = 10.0.40219.1
Project("{FAE04EC0-301F-11D3-BF4B-00C04F79EFBC}") = "Arreglos-Objetos-G4-2022-I", "Arreglos-Objetos-G4-2022-I.csproj", "{D850AE52-10C0-4EE4-9C7A-64C89C0C5FB7}"
EndProject
Global
	GlobalSection(SolutionConfigurationPlatforms) = preSolution
		Debug|Any CPU = Debug|Any CPU
		Release|Any CPU = Release|Any CPU
	EndGlobalSection
	GlobalSection(ProjectConfigurationPlatforms) = postSolution
		{D850AE52-10C0-4EE4-9C7A-64C89C0C5FB7}.Debug|Any CPU.ActiveCfg = Debug|Any CPU
		{D850AE52-10C0-4EE4-9C7A-64C89C0C5FB7}.Debug|Any CPU.Build.0 = Debug|Any CPU
		{D850AE52-10C0-4EE4-9C7A-64C89C0C5FB7}.Release|Any CPU.ActiveCfg = Release|Any CPU
		{D850AE52-10C0-4EE4-9C7A-64C89C0C5FB7}.Release|Any CPU.Build.0 = Release|Any CPU
	EndGlobalSection
	GlobalSection(SolutionProperties) = preSolution
		HideSolutionNode = FALSE
	EndGlobalSection
	GlobalSection(ExtensibilityGlobals) = postSolution
		SolutionGuid = {4A1A833C-A304-4DED-B6F2-C64DE63D78EF}
	EndGlobalSection
EndGlobal
